
Microsoft Visual Studio Solution File, Format Version 12.00
# Visual Studio Version 17
VisualStudioVersion = 17.7.34024.191
MinimumVisualStudioVersion = 10.0.40219.1
Project("{FAE04EC0-301F-11D3-BF4B-00C04F79EFBC}") = "WinFormsApp2", "WinFormsApp2\WinFormsApp2.csproj", "{925FCDF7-1938-4FD1-B8A3-981477B3102D}"
EndProject
Global
	GlobalSection(SolutionConfigurationPlatforms) = preSolution
		Debug|Any CPU = Debug|Any CPU
		Release|Any CPU = Release|Any CPU
	EndGlobalSection
	GlobalSection(ProjectConfigurationPlatforms) = postSolution
		{925FCDF7-1938-4FD1-B8A3-981477B3102D}.Debug|Any CPU.ActiveCfg = Debug|Any CPU
		{925FCDF7-1938-4FD1-B8A3-981477B3102D}.Debug|Any CPU.Build.0 = Debug|Any CPU
		{925FCDF7-1938-4FD1-B8A3-981477B3102D}.Release|Any CPU.ActiveCfg = Release|Any CPU
		{925FCDF7-1938-4FD1-B8A3-981477B3102D}.Release|Any CPU.Build.0 = Release|Any CPU
	EndGlobalSection
	GlobalSection(SolutionProperties) = preSolution
		HideSolutionNode = FALSE
	EndGlobalSection
	GlobalSection(ExtensibilityGlobals) = postSolution
		SolutionGuid = {868A2350-4920-45B4-8112-4579BF70DED7}
	EndGlobalSection
EndGlobal
